
Microsoft Visual Studio Solution File, Format Version 12.00
# Visual Studio Version 17
VisualStudioVersion = 17.8.34112.27
MinimumVisualStudioVersion = 10.0.40219.1
Project("{9A19103F-16F7-4668-BE54-9A1E7A4F7556}") = "BulkyWeb", "BulkyWeb\BulkyWeb.csproj", "{93435268-2081-44B8-965E-50BF88EDABAF}"
EndProject
Project("{FAE04EC0-301F-11D3-BF4B-00C04F79EFBC}") = "Bulky.DataAccess", "Bulky.DataAccess\Bulky.DataAccess.csproj", "{EBB3E813-729F-41F2-8B57-F8876699880A}"
EndProject
Project("{FAE04EC0-301F-11D3-BF4B-00C04F79EFBC}") = "Bulky.Models", "Bulky.Models\Bulky.Models.csproj", "{26C4CF88-FBAE-4570-9470-9DD0DB5BA334}"
EndProject
Project("{FAE04EC0-301F-11D3-BF4B-00C04F79EFBC}") = "Bulky.Utility", "Bulky.Utility\Bulky.Utility.csproj", "{953B0ECA-6792-4D6D-8782-4F37B0131F70}"
EndProject
Global
	GlobalSection(SolutionConfigurationPlatforms) = preSolution
		Debug|Any CPU = Debug|Any CPU
		Release|Any CPU = Release|Any CPU
	EndGlobalSection
	GlobalSection(ProjectConfigurationPlatforms) = postSolution
		{93435268-2081-44B8-965E-50BF88EDABAF}.Debug|Any CPU.ActiveCfg = Debug|Any CPU
		{93435268-2081-44B8-965E-50BF88EDABAF}.Debug|Any CPU.Build.0 = Debug|Any CPU
		{93435268-2081-44B8-965E-50BF88EDABAF}.Release|Any CPU.ActiveCfg = Release|Any CPU
		{93435268-2081-44B8-965E-50BF88EDABAF}.Release|Any CPU.Build.0 = Release|Any CPU
		{EBB3E813-729F-41F2-8B57-F8876699880A}.Debug|Any CPU.ActiveCfg = Debug|Any CPU
		{EBB3E813-729F-41F2-8B57-F8876699880A}.Debug|Any CPU.Build.0 = Debug|Any CPU
		{EBB3E813-729F-41F2-8B57-F8876699880A}.Release|Any CPU.ActiveCfg = Release|Any CPU
		{EBB3E813-729F-41F2-8B57-F8876699880A}.Release|Any CPU.Build.0 = Release|Any CPU
		{26C4CF88-FBAE-4570-9470-9DD0DB5BA334}.Debug|Any CPU.ActiveCfg = Debug|Any CPU
		{26C4CF88-FBAE-4570-9470-9DD0DB5BA334}.Debug|Any CPU.Build.0 = Debug|Any CPU
		{26C4CF88-FBAE-4570-9470-9DD0DB5BA334}.Release|Any CPU.ActiveCfg = Release|Any CPU
		{26C4CF88-FBAE-4570-9470-9DD0DB5BA334}.Release|Any CPU.Build.0 = Release|Any CPU
		{953B0ECA-6792-4D6D-8782-4F37B0131F70}.Debug|Any CPU.ActiveCfg = Debug|Any CPU
		{953B0ECA-6792-4D6D-8782-4F37B0131F70}.Debug|Any CPU.Build.0 = Debug|Any CPU
		{953B0ECA-6792-4D6D-8782-4F37B0131F70}.Release|Any CPU.ActiveCfg = Release|Any CPU
		{953B0ECA-6792-4D6D-8782-4F37B0131F70}.Release|Any CPU.Build.0 = Release|Any CPU
	EndGlobalSection
	GlobalSection(SolutionProperties) = preSolution
		HideSolutionNode = FALSE
	EndGlobalSection
	GlobalSection(ExtensibilityGlobals) = postSolution
		SolutionGuid = {97EEBE6B-5269-4A9B-8C3D-3C7AF70BEC16}
	EndGlobalSection
EndGlobal
